
Microsoft Visual Studio Solution File, Format Version 12.00
# Visual Studio Version 17
VisualStudioVersion = 17.7.34031.279
MinimumVisualStudioVersion = 10.0.40219.1
Project("{FAE04EC0-301F-11D3-BF4B-00C04F79EFBC}") = "uchebka322mat", "uchebka322mat\uchebka322mat.csproj", "{008A4575-78C8-4806-BFEF-28CAAAD5C3A9}"
EndProject
Global
	GlobalSection(SolutionConfigurationPlatforms) = preSolution
		Debug|Any CPU = Debug|Any CPU
		Release|Any CPU = Release|Any CPU
	EndGlobalSection
	GlobalSection(ProjectConfigurationPlatforms) = postSolution
		{008A4575-78C8-4806-BFEF-28CAAAD5C3A9}.Debug|Any CPU.ActiveCfg = Debug|Any CPU
		{008A4575-78C8-4806-BFEF-28CAAAD5C3A9}.Debug|Any CPU.Build.0 = Debug|Any CPU
		{008A4575-78C8-4806-BFEF-28CAAAD5C3A9}.Release|Any CPU.ActiveCfg = Release|Any CPU
		{008A4575-78C8-4806-BFEF-28CAAAD5C3A9}.Release|Any CPU.Build.0 = Release|Any CPU
	EndGlobalSection
	GlobalSection(SolutionProperties) = preSolution
		HideSolutionNode = FALSE
	EndGlobalSection
	GlobalSection(ExtensibilityGlobals) = postSolution
		SolutionGuid = {ED75613D-69DA-4E65-9766-C4B1AD63E8A8}
	EndGlobalSection
EndGlobal
